{
  "name": "@ntlab/sms-gateway-prepaid",
  "version": "2.0.3",
  "lockfileVersion": 3,
  "requires": true,
  "packages": {
    "": {
      "name": "@ntlab/sms-gateway-prepaid",
      "version": "2.0.3",
      "license": "MIT",
      "dependencies": {
        "format-number": "^3.0.0",
        "moment": "^2.29.4"
      }
    },
    "node_modules/format-number": {
      "version": "3.0.0",
      "resolved": "https://registry.npmjs.org/format-number/-/format-number-3.0.0.tgz",
      "integrity": "sha512-RWcbtINcRZ2DWCo4EcJgOJUYIwtsY5LKlTtL5OX1vfGsxEEK5mKaGxZC0p4Mgy63vXR12rut3lnjwCQ8YIlRMw=="
    },
    "node_modules/moment": {
      "version": "2.29.4",
      "resolved": "https://registry.npmjs.org/moment/-/moment-2.29.4.tgz",
      "integrity": "sha512-5LC9SOxjSc2HF6vO2CyuTDNivEdoz2IvyJJGj6X8DJ0eFyfszE0QiEd+iXmBvUP3WHxSjFH/vIsA0EN00cgr8w==",
      "engines": {
        "node": "*"
      }
    }
  }
}
